
Microsoft Visual Studio Solution File, Format Version 12.00
Project("{FAE04EC0-301F-11D3-BF4B-00C04F79EFBC}") = "HRManagement.Api", "src\HRManagement.Api\HRManagement.Api.csproj", "{DC157988-4A23-464D-9F73-49D95D31FC21}"
EndProject
Project("{2150E333-8FDC-42A3-9474-1A3956D46DE8}") = "Modules", "Modules", "{F9CC4D5A-8F81-493E-8075-4AB8C96360F2}"
EndProject
Project("{2150E333-8FDC-42A3-9474-1A3956D46DE8}") = "Personnel", "Personnel", "{E23F9287-EDCA-4ED8-96E7-7EAF38B4C35A}"
EndProject
Project("{FAE04EC0-301F-11D3-BF4B-00C04F79EFBC}") = "HRManagement.Modules.Personnel.Domain", "src\Modules\Personnel\HRManagement.Modules.Personnel.Domain\HRManagement.Modules.Personnel.Domain.csproj", "{68E97DD6-4648-469A-B287-5FAB12F877D8}"
EndProject
Project("{2150E333-8FDC-42A3-9474-1A3956D46DE8}") = "tests", "tests", "{B4898EC8-A53E-4AA7-85F1-0B6F106D1749}"
EndProject
Project("{FAE04EC0-301F-11D3-BF4B-00C04F79EFBC}") = "HRManagement.Modules.Personnel.Domain.UnitTests", "src\Modules\Personnel\tests\HRManagement.Modules.Personnel.Domain.UnitTests\HRManagement.Modules.Personnel.Domain.UnitTests.csproj", "{5DE7CABF-7DD7-4F32-AA9F-4308B27D6E30}"
EndProject
Global
	GlobalSection(SolutionConfigurationPlatforms) = preSolution
		Debug|Any CPU = Debug|Any CPU
		Release|Any CPU = Release|Any CPU
	EndGlobalSection
	GlobalSection(ProjectConfigurationPlatforms) = postSolution
		{DC157988-4A23-464D-9F73-49D95D31FC21}.Debug|Any CPU.ActiveCfg = Debug|Any CPU
		{DC157988-4A23-464D-9F73-49D95D31FC21}.Debug|Any CPU.Build.0 = Debug|Any CPU
		{DC157988-4A23-464D-9F73-49D95D31FC21}.Release|Any CPU.ActiveCfg = Release|Any CPU
		{DC157988-4A23-464D-9F73-49D95D31FC21}.Release|Any CPU.Build.0 = Release|Any CPU
		{68E97DD6-4648-469A-B287-5FAB12F877D8}.Debug|Any CPU.ActiveCfg = Debug|Any CPU
		{68E97DD6-4648-469A-B287-5FAB12F877D8}.Debug|Any CPU.Build.0 = Debug|Any CPU
		{68E97DD6-4648-469A-B287-5FAB12F877D8}.Release|Any CPU.ActiveCfg = Release|Any CPU
		{68E97DD6-4648-469A-B287-5FAB12F877D8}.Release|Any CPU.Build.0 = Release|Any CPU
		{5DE7CABF-7DD7-4F32-AA9F-4308B27D6E30}.Debug|Any CPU.ActiveCfg = Debug|Any CPU
		{5DE7CABF-7DD7-4F32-AA9F-4308B27D6E30}.Debug|Any CPU.Build.0 = Debug|Any CPU
		{5DE7CABF-7DD7-4F32-AA9F-4308B27D6E30}.Release|Any CPU.ActiveCfg = Release|Any CPU
		{5DE7CABF-7DD7-4F32-AA9F-4308B27D6E30}.Release|Any CPU.Build.0 = Release|Any CPU
	EndGlobalSection
	GlobalSection(NestedProjects) = preSolution
		{E23F9287-EDCA-4ED8-96E7-7EAF38B4C35A} = {F9CC4D5A-8F81-493E-8075-4AB8C96360F2}
		{68E97DD6-4648-469A-B287-5FAB12F877D8} = {E23F9287-EDCA-4ED8-96E7-7EAF38B4C35A}
		{B4898EC8-A53E-4AA7-85F1-0B6F106D1749} = {E23F9287-EDCA-4ED8-96E7-7EAF38B4C35A}
		{5DE7CABF-7DD7-4F32-AA9F-4308B27D6E30} = {B4898EC8-A53E-4AA7-85F1-0B6F106D1749}
	EndGlobalSection
EndGlobal
